
Microsoft Visual Studio Solution File, Format Version 12.00
# Visual Studio Version 16
VisualStudioVersion = 16.0.32106.194
MinimumVisualStudioVersion = 10.0.40219.1
Project("{FAE04EC0-301F-11D3-BF4B-00C04F79EFBC}") = "NextTry", "NextTry\NextTry.csproj", "{2E95E863-01D0-474D-8D5C-1C4521FC3397}"
EndProject
Global
	GlobalSection(SolutionConfigurationPlatforms) = preSolution
		Debug|Any CPU = Debug|Any CPU
		Release|Any CPU = Release|Any CPU
	EndGlobalSection
	GlobalSection(ProjectConfigurationPlatforms) = postSolution
		{2E95E863-01D0-474D-8D5C-1C4521FC3397}.Debug|Any CPU.ActiveCfg = Debug|Any CPU
		{2E95E863-01D0-474D-8D5C-1C4521FC3397}.Debug|Any CPU.Build.0 = Debug|Any CPU
		{2E95E863-01D0-474D-8D5C-1C4521FC3397}.Release|Any CPU.ActiveCfg = Release|Any CPU
		{2E95E863-01D0-474D-8D5C-1C4521FC3397}.Release|Any CPU.Build.0 = Release|Any CPU
	EndGlobalSection
	GlobalSection(SolutionProperties) = preSolution
		HideSolutionNode = FALSE
	EndGlobalSection
	GlobalSection(ExtensibilityGlobals) = postSolution
		SolutionGuid = {ECD96438-12AF-4A24-95D3-99AC74A473F5}
	EndGlobalSection
EndGlobal
